{
  "name": "@writetome51/array-remove-by-indexes",
  "version": "3.1.0",
  "lockfileVersion": 2,
  "requires": true,
  "packages": {
    "": {
      "name": "@writetome51/array-remove-by-indexes",
      "version": "3.1.0",
      "license": "MIT",
      "dependencies": {
        "@writetome51/array-get-and-remove-by-index": ">=2.0.0",
        "@writetome51/get-array-copy": ">=1.0.0",
        "@writetome51/order-numerically": ">=1.0.0"
      },
      "devDependencies": {
        "@writetome51/arrays-match": ">=2.0.1"
      }
    },
    "node_modules/@arr/every": {
      "version": "1.0.1",
      "resolved": "https://registry.npmjs.org/@arr/every/-/every-1.0.1.tgz",
      "integrity": "sha512-UQFQ6SgyJ6LX42W8rHCs8KVc0JS0tzVL9ct4XYedJukskYVWTo49tNiMEK9C2HTyarbNiT/RVIRSY82vH+6sTg==",
      "dev": true,
      "engines": {
        "node": ">=4"
      }
    },
    "node_modules/@writetome51/array-get-and-remove-adjacent-at": {
      "version": "3.0.0",
      "resolved": "https://registry.npmjs.org/@writetome51/array-get-and-remove-adjacent-at/-/array-get-and-remove-adjacent-at-3.0.0.tgz",
      "integrity": "sha512-smCgqNe9bsAuEe/WEmyjZlX/Qi+pc3uGtEgK6wQVPpEn1xhRls0oEYQy99pR2Yuvsr/145kUu7RUeQQmbRZ7+g==",
      "dependencies": {
        "error-if-array-too-short-to-meet-adjacent-items-request": "^2.0.0",
        "error-if-index-how-many-or-array-are-not-valid": "^2.0.1"
      }
    },
    "node_modules/@writetome51/array-get-and-remove-by-index": {
      "version": "3.0.0",
      "resolved": "https://registry.npmjs.org/@writetome51/array-get-and-remove-by-index/-/array-get-and-remove-by-index-3.0.0.tgz",
      "integrity": "sha512-Nh3HVPPNgdkv03YT11m0o2u5KAuwajoXSByjiIkD8a1fi4pswUIvemqqAkJSLWhqTTdyO6fxkHqG24VUlBnK+A==",
      "dependencies": {
        "@writetome51/array-get-and-remove-adjacent-at": ">=2.0.0"
      }
    },
    "node_modules/@writetome51/arrays-match": {
      "version": "2.0.3",
      "resolved": "https://registry.npmjs.org/@writetome51/arrays-match/-/arrays-match-2.0.3.tgz",
      "integrity": "sha512-wT5fYPStIvleYEfZgdrZlmbAlQPBisforr4Nez1yGIqXs2dU2bE1+t3VcUvp8EQR964YtvlFc0EIgEBGS0VtMA==",
      "dev": true,
      "dependencies": {
        "@arr/every": "^1.0.1",
        "@writetome51/is-array-not-array": "^2.0.0",
        "@writetome51/is-empty-not-empty": "^2.0.1",
        "error-if-values-are-not-arrays": "^2.0.1"
      }
    },
    "node_modules/@writetome51/get-array-copy": {
      "version": "2.0.0",
      "resolved": "https://registry.npmjs.org/@writetome51/get-array-copy/-/get-array-copy-2.0.0.tgz",
      "integrity": "sha512-h4B2er5UJL3w8X1wg5FD7k1nlRp9jmR5O6Q31XFVRrpdVbXdQ/abpV5UFRwio7+aXH9vfdpc2VRoE34WK38meA==",
      "dependencies": {
        "error-if-not-array": "^2.0.0"
      }
    },
    "node_modules/@writetome51/index-is-valid": {
      "version": "2.0.2",
      "resolved": "https://registry.npmjs.org/@writetome51/index-is-valid/-/index-is-valid-2.0.2.tgz",
      "integrity": "sha512-BkvzZj2VTrvnvxAnxvA2fNeBZ5L+ROs4sOifh4fOBewt1PM61eVMGWyY0agSjCkUZM9v36H0uBzUZKpDUW8nkw==",
      "dependencies": {
        "error-if-not-integer": "^2.0.1"
      }
    },
    "node_modules/@writetome51/is-array-not-array": {
      "version": "2.0.0",
      "resolved": "https://registry.npmjs.org/@writetome51/is-array-not-array/-/is-array-not-array-2.0.0.tgz",
      "integrity": "sha512-IVc3BgxLuBsSPzteYbwpgOYyqP0DjpIMsPbjSOrCeMAGvJhojLBiBkw/I70faMs6iuPalOklfGm60XcRU7aZ3g==",
      "dev": true
    },
    "node_modules/@writetome51/is-empty-not-empty": {
      "version": "2.0.1",
      "resolved": "https://registry.npmjs.org/@writetome51/is-empty-not-empty/-/is-empty-not-empty-2.0.1.tgz",
      "integrity": "sha512-wpB7AUlNywDhEjlsZZNRBAsp+55458Ot6A7tcr8maAR9+6YS62hYFapn/Ko6jjF9P4FlDKlrMyEPiGnF8b1rbQ==",
      "dev": true,
      "dependencies": {
        "error-if-not-finite-number": "^2.0.0"
      }
    },
    "node_modules/@writetome51/is-integer-is-float": {
      "version": "2.0.1",
      "resolved": "https://registry.npmjs.org/@writetome51/is-integer-is-float/-/is-integer-is-float-2.0.1.tgz",
      "integrity": "sha512-RfO1UDw/ROcwpx0pjGpWfRUOL+9UFz2nV+WSilWzznSZsKJzN7xPlLSH0JiTdhlUNG74CSg2pxpshFMpaEogxg=="
    },
    "node_modules/@writetome51/not": {
      "version": "2.0.1",
      "resolved": "https://registry.npmjs.org/@writetome51/not/-/not-2.0.1.tgz",
      "integrity": "sha512-P8yMPs3LWMLZ+KN5ixNUuOHvT5RiIUqbPKD46tU3EvOSfpTk1jomFko8/pBhZq9ZwArT7Ff4IG0UgtiBopQjIQ==",
      "dev": true
    },
    "node_modules/@writetome51/order-numerically": {
      "version": "1.0.0",
      "resolved": "https://registry.npmjs.org/@writetome51/order-numerically/-/order-numerically-1.0.0.tgz",
      "integrity": "sha512-QhsIPJ5sm+srGqdaSg4EKg6XMV2IRt1SCc2nQ5h5QDJF4VWw/xu6pK9m2/A62bwRj4MxQQhSfs8KYlz1McNvSg==",
      "dependencies": {
        "timsort": "^0.3.0"
      }
    },
    "node_modules/error-if-array-too-short-to-meet-adjacent-items-request": {
      "version": "2.0.0",
      "resolved": "https://registry.npmjs.org/error-if-array-too-short-to-meet-adjacent-items-request/-/error-if-array-too-short-to-meet-adjacent-items-request-2.0.0.tgz",
      "integrity": "sha512-VJl7jkZ6tS0ahw4qlMlvlLMhMmml8oSdWmQn9Eanuo6iNr302aNkeF3IwnCdprUcmRw/3a2vZFVM3fJBW262fw=="
    },
    "node_modules/error-if-index-how-many-or-array-are-not-valid": {
      "version": "2.0.1",
      "resolved": "https://registry.npmjs.org/error-if-index-how-many-or-array-are-not-valid/-/error-if-index-how-many-or-array-are-not-valid-2.0.1.tgz",
      "integrity": "sha512-FsBclMV37Q/ULCQf1t1gxHAgQP2SZIR8eo23VktcVCTZbjtDuiSzHKhDjHJEFK2/1I1uTUF4O+cfK/+xlpZCgQ==",
      "dependencies": {
        "error-if-index-not-valid": "^2.0.0",
        "error-if-not-array": "^2.0.0",
        "error-if-not-integer": "^2.0.0"
      }
    },
    "node_modules/error-if-index-not-valid": {
      "version": "2.0.0",
      "resolved": "https://registry.npmjs.org/error-if-index-not-valid/-/error-if-index-not-valid-2.0.0.tgz",
      "integrity": "sha512-YHcWv6Iwuhc+rTJrCwdbMMEP3cR9lPDzAfAPHJotdCXxFmyV9k+PtcFrc6CHrf4KU9AG8FLQ0SZ1wb+iZtUZRQ==",
      "dependencies": {
        "@writetome51/index-is-valid": "^2.0.0"
      }
    },
    "node_modules/error-if-not-array": {
      "version": "2.0.0",
      "resolved": "https://registry.npmjs.org/error-if-not-array/-/error-if-not-array-2.0.0.tgz",
      "integrity": "sha512-kBAYpWy9xGjELgGqmS2QPbRJPXfacAxBwgitXIwMEglY0p3C2p4++sf3uDszXaDoy4cwgGrFj+FkthsxQFh/ag=="
    },
    "node_modules/error-if-not-finite-number": {
      "version": "2.0.1",
      "resolved": "https://registry.npmjs.org/error-if-not-finite-number/-/error-if-not-finite-number-2.0.1.tgz",
      "integrity": "sha512-lJCeBRfsEfAaPfrpt6+apvV0IoyOyLwH7x7t/62KTwTCw2BPHcCUvSN83WFD3/nfs4lKJE8gtPxTFMYRGqX4gg==",
      "dev": true,
      "dependencies": {
        "@writetome51/not": ">=2.0.0"
      }
    },
    "node_modules/error-if-not-integer": {
      "version": "2.0.1",
      "resolved": "https://registry.npmjs.org/error-if-not-integer/-/error-if-not-integer-2.0.1.tgz",
      "integrity": "sha512-ALEtf7K9/u/KB9c92fdFDba3kke7Z6sJ0IxN5DobI19PYyLRFwgcAUG0QDmjtgTwE9X9ZmV9YaiW8RsbrNr+bA==",
      "dependencies": {
        "@writetome51/is-integer-is-float": "^2.0.1"
      }
    },
    "node_modules/error-if-values-are-not-arrays": {
      "version": "2.0.1",
      "resolved": "https://registry.npmjs.org/error-if-values-are-not-arrays/-/error-if-values-are-not-arrays-2.0.1.tgz",
      "integrity": "sha512-DiK9y6+4toBSg1glPr0yTkI7SfaFo4FCVyNuLaKLuuH++z10XnVE/zV2m+sAw1QWL7RlhxFJU1/SnkwFWker7g==",
      "dev": true,
      "dependencies": {
        "error-if-not-array": "^2.0.0"
      }
    },
    "node_modules/timsort": {
      "version": "0.3.0",
      "resolved": "https://registry.npmjs.org/timsort/-/timsort-0.3.0.tgz",
      "integrity": "sha1-QFQRqOfmM5/mTbmiNN4R3DHgK9Q="
    }
  },
  "dependencies": {
    "@arr/every": {
      "version": "1.0.1",
      "resolved": "https://registry.npmjs.org/@arr/every/-/every-1.0.1.tgz",
      "integrity": "sha512-UQFQ6SgyJ6LX42W8rHCs8KVc0JS0tzVL9ct4XYedJukskYVWTo49tNiMEK9C2HTyarbNiT/RVIRSY82vH+6sTg==",
      "dev": true
    },
    "@writetome51/array-get-and-remove-adjacent-at": {
      "version": "3.0.0",
      "resolved": "https://registry.npmjs.org/@writetome51/array-get-and-remove-adjacent-at/-/array-get-and-remove-adjacent-at-3.0.0.tgz",
      "integrity": "sha512-smCgqNe9bsAuEe/WEmyjZlX/Qi+pc3uGtEgK6wQVPpEn1xhRls0oEYQy99pR2Yuvsr/145kUu7RUeQQmbRZ7+g==",
      "requires": {
        "error-if-array-too-short-to-meet-adjacent-items-request": "^2.0.0",
        "error-if-index-how-many-or-array-are-not-valid": "^2.0.1"
      }
    },
    "@writetome51/array-get-and-remove-by-index": {
      "version": "3.0.0",
      "resolved": "https://registry.npmjs.org/@writetome51/array-get-and-remove-by-index/-/array-get-and-remove-by-index-3.0.0.tgz",
      "integrity": "sha512-Nh3HVPPNgdkv03YT11m0o2u5KAuwajoXSByjiIkD8a1fi4pswUIvemqqAkJSLWhqTTdyO6fxkHqG24VUlBnK+A==",
      "requires": {
        "@writetome51/array-get-and-remove-adjacent-at": ">=2.0.0"
      }
    },
    "@writetome51/arrays-match": {
      "version": "2.0.3",
      "resolved": "https://registry.npmjs.org/@writetome51/arrays-match/-/arrays-match-2.0.3.tgz",
      "integrity": "sha512-wT5fYPStIvleYEfZgdrZlmbAlQPBisforr4Nez1yGIqXs2dU2bE1+t3VcUvp8EQR964YtvlFc0EIgEBGS0VtMA==",
      "dev": true,
      "requires": {
        "@arr/every": "^1.0.1",
        "@writetome51/is-array-not-array": "^2.0.0",
        "@writetome51/is-empty-not-empty": "^2.0.1",
        "error-if-values-are-not-arrays": "^2.0.1"
      }
    },
    "@writetome51/get-array-copy": {
      "version": "2.0.0",
      "resolved": "https://registry.npmjs.org/@writetome51/get-array-copy/-/get-array-copy-2.0.0.tgz",
      "integrity": "sha512-h4B2er5UJL3w8X1wg5FD7k1nlRp9jmR5O6Q31XFVRrpdVbXdQ/abpV5UFRwio7+aXH9vfdpc2VRoE34WK38meA==",
      "requires": {
        "error-if-not-array": "^2.0.0"
      }
    },
    "@writetome51/index-is-valid": {
      "version": "2.0.2",
      "resolved": "https://registry.npmjs.org/@writetome51/index-is-valid/-/index-is-valid-2.0.2.tgz",
      "integrity": "sha512-BkvzZj2VTrvnvxAnxvA2fNeBZ5L+ROs4sOifh4fOBewt1PM61eVMGWyY0agSjCkUZM9v36H0uBzUZKpDUW8nkw==",
      "requires": {
        "error-if-not-integer": "^2.0.1"
      }
    },
    "@writetome51/is-array-not-array": {
      "version": "2.0.0",
      "resolved": "https://registry.npmjs.org/@writetome51/is-array-not-array/-/is-array-not-array-2.0.0.tgz",
      "integrity": "sha512-IVc3BgxLuBsSPzteYbwpgOYyqP0DjpIMsPbjSOrCeMAGvJhojLBiBkw/I70faMs6iuPalOklfGm60XcRU7aZ3g==",
      "dev": true
    },
    "@writetome51/is-empty-not-empty": {
      "version": "2.0.1",
      "resolved": "https://registry.npmjs.org/@writetome51/is-empty-not-empty/-/is-empty-not-empty-2.0.1.tgz",
      "integrity": "sha512-wpB7AUlNywDhEjlsZZNRBAsp+55458Ot6A7tcr8maAR9+6YS62hYFapn/Ko6jjF9P4FlDKlrMyEPiGnF8b1rbQ==",
      "dev": true,
      "requires": {
        "error-if-not-finite-number": "^2.0.0"
      }
    },
    "@writetome51/is-integer-is-float": {
      "version": "2.0.1",
      "resolved": "https://registry.npmjs.org/@writetome51/is-integer-is-float/-/is-integer-is-float-2.0.1.tgz",
      "integrity": "sha512-RfO1UDw/ROcwpx0pjGpWfRUOL+9UFz2nV+WSilWzznSZsKJzN7xPlLSH0JiTdhlUNG74CSg2pxpshFMpaEogxg=="
    },
    "@writetome51/not": {
      "version": "2.0.1",
      "resolved": "https://registry.npmjs.org/@writetome51/not/-/not-2.0.1.tgz",
      "integrity": "sha512-P8yMPs3LWMLZ+KN5ixNUuOHvT5RiIUqbPKD46tU3EvOSfpTk1jomFko8/pBhZq9ZwArT7Ff4IG0UgtiBopQjIQ==",
      "dev": true
    },
    "@writetome51/order-numerically": {
      "version": "1.0.0",
      "resolved": "https://registry.npmjs.org/@writetome51/order-numerically/-/order-numerically-1.0.0.tgz",
      "integrity": "sha512-QhsIPJ5sm+srGqdaSg4EKg6XMV2IRt1SCc2nQ5h5QDJF4VWw/xu6pK9m2/A62bwRj4MxQQhSfs8KYlz1McNvSg==",
      "requires": {
        "timsort": "^0.3.0"
      }
    },
    "error-if-array-too-short-to-meet-adjacent-items-request": {
      "version": "2.0.0",
      "resolved": "https://registry.npmjs.org/error-if-array-too-short-to-meet-adjacent-items-request/-/error-if-array-too-short-to-meet-adjacent-items-request-2.0.0.tgz",
      "integrity": "sha512-VJl7jkZ6tS0ahw4qlMlvlLMhMmml8oSdWmQn9Eanuo6iNr302aNkeF3IwnCdprUcmRw/3a2vZFVM3fJBW262fw=="
    },
    "error-if-index-how-many-or-array-are-not-valid": {
      "version": "2.0.1",
      "resolved": "https://registry.npmjs.org/error-if-index-how-many-or-array-are-not-valid/-/error-if-index-how-many-or-array-are-not-valid-2.0.1.tgz",
      "integrity": "sha512-FsBclMV37Q/ULCQf1t1gxHAgQP2SZIR8eo23VktcVCTZbjtDuiSzHKhDjHJEFK2/1I1uTUF4O+cfK/+xlpZCgQ==",
      "requires": {
        "error-if-index-not-valid": "^2.0.0",
        "error-if-not-array": "^2.0.0",
        "error-if-not-integer": "^2.0.0"
      }
    },
    "error-if-index-not-valid": {
      "version": "2.0.0",
      "resolved": "https://registry.npmjs.org/error-if-index-not-valid/-/error-if-index-not-valid-2.0.0.tgz",
      "integrity": "sha512-YHcWv6Iwuhc+rTJrCwdbMMEP3cR9lPDzAfAPHJotdCXxFmyV9k+PtcFrc6CHrf4KU9AG8FLQ0SZ1wb+iZtUZRQ==",
      "requires": {
        "@writetome51/index-is-valid": "^2.0.0"
      }
    },
    "error-if-not-array": {
      "version": "2.0.0",
      "resolved": "https://registry.npmjs.org/error-if-not-array/-/error-if-not-array-2.0.0.tgz",
      "integrity": "sha512-kBAYpWy9xGjELgGqmS2QPbRJPXfacAxBwgitXIwMEglY0p3C2p4++sf3uDszXaDoy4cwgGrFj+FkthsxQFh/ag=="
    },
    "error-if-not-finite-number": {
      "version": "2.0.1",
      "resolved": "https://registry.npmjs.org/error-if-not-finite-number/-/error-if-not-finite-number-2.0.1.tgz",
      "integrity": "sha512-lJCeBRfsEfAaPfrpt6+apvV0IoyOyLwH7x7t/62KTwTCw2BPHcCUvSN83WFD3/nfs4lKJE8gtPxTFMYRGqX4gg==",
      "dev": true,
      "requires": {
        "@writetome51/not": ">=2.0.0"
      }
    },
    "error-if-not-integer": {
      "version": "2.0.1",
      "resolved": "https://registry.npmjs.org/error-if-not-integer/-/error-if-not-integer-2.0.1.tgz",
      "integrity": "sha512-ALEtf7K9/u/KB9c92fdFDba3kke7Z6sJ0IxN5DobI19PYyLRFwgcAUG0QDmjtgTwE9X9ZmV9YaiW8RsbrNr+bA==",
      "requires": {
        "@writetome51/is-integer-is-float": "^2.0.1"
      }
    },
    "error-if-values-are-not-arrays": {
      "version": "2.0.1",
      "resolved": "https://registry.npmjs.org/error-if-values-are-not-arrays/-/error-if-values-are-not-arrays-2.0.1.tgz",
      "integrity": "sha512-DiK9y6+4toBSg1glPr0yTkI7SfaFo4FCVyNuLaKLuuH++z10XnVE/zV2m+sAw1QWL7RlhxFJU1/SnkwFWker7g==",
      "dev": true,
      "requires": {
        "error-if-not-array": "^2.0.0"
      }
    },
    "timsort": {
      "version": "0.3.0",
      "resolved": "https://registry.npmjs.org/timsort/-/timsort-0.3.0.tgz",
      "integrity": "sha1-QFQRqOfmM5/mTbmiNN4R3DHgK9Q="
    }
  }
}
