{
  "name": "@writetome51/array-remove-by-indexes",
  "version": "1.0.1",
  "lockfileVersion": 1,
  "requires": true,
  "dependencies": {
    "@writetome51/array-and-index-validation": {
      "version": "1.0.3",
      "resolved": "https://registry.npmjs.org/@writetome51/array-and-index-validation/-/array-and-index-validation-1.0.3.tgz",
      "integrity": "sha512-l+SZ7APB/PVO1V3P20pQfG9jWKtIr06+aafur8sacuQbZEsrBmJ5DIrlK2Q58D8rM58Btvq5WvIs9s8SsDyXnQ==",
      "requires": {
        "basic-data-handling": "~1.0.13"
      }
    },
    "@writetome51/array-get-adjacent-at": {
      "version": "1.0.1",
      "resolved": "https://registry.npmjs.org/@writetome51/array-get-adjacent-at/-/array-get-adjacent-at-1.0.1.tgz",
      "integrity": "sha512-oecneNlT2Zp3tRA6kibQj6ZE7ubJz2n1rvMu7ko0sOL6BgeupW/5B4BCcUTTw7BPbxbbsLvLapc1WxPA1Pmuvg=="
    },
    "@writetome51/array-get-and-remove-adjacent-at": {
      "version": "1.0.3",
      "resolved": "https://registry.npmjs.org/@writetome51/array-get-and-remove-adjacent-at/-/array-get-and-remove-adjacent-at-1.0.3.tgz",
      "integrity": "sha512-EtTVxqd01l03DukMkjLyyBQEExrGhOVkdSmD4Is3fm2o/Kjbm/R8NxjKPTa1tVXSKIITdtkqR6r0YkZ6L/d2XQ==",
      "requires": {
        "@writetome51/array-and-index-validation": "~1.0.3"
      }
    },
    "@writetome51/array-get-and-remove-by-index": {
      "version": "1.0.2",
      "resolved": "https://registry.npmjs.org/@writetome51/array-get-and-remove-by-index/-/array-get-and-remove-by-index-1.0.2.tgz",
      "integrity": "sha512-vPR7ib97r5wntfcOl2WK/T/BhpTQtgNHRatIgKOffbtIwLB8hG2UcbWYbCwF/6y/Yoc7YachEl0hIX0ICN+A6A==",
      "requires": {
        "@writetome51/array-get-and-remove-adjacent-at": "~1.0.3"
      }
    },
    "@writetome51/array-get-and-remove-by-indexes": {
      "version": "1.0.2",
      "resolved": "https://registry.npmjs.org/@writetome51/array-get-and-remove-by-indexes/-/array-get-and-remove-by-indexes-1.0.2.tgz",
      "integrity": "sha512-3RM4FhBlQD0uUNW2WgCn9CINjp5OvPLE4VxcC1RyxC/8T45h9l+teWKynCwOJWM+fwoErSYHznFPxXzAQaaSaA==",
      "requires": {
        "@writetome51/array-and-index-validation": "~1.0.3",
        "@writetome51/array-get-and-remove-by-index": "~1.0.2",
        "@writetome51/array-get-copy": "~1.1.0",
        "@writetome51/array-remove-by-index": "~1.0.0",
        "@writetome51/array-remove-duplicates": "~1.1.1",
        "@writetome51/get-in-ascending-order": "~1.0.4",
        "@writetome51/set-array": "~1.0.1",
        "basic-data-handling": "~1.0.13"
      }
    },
    "@writetome51/array-get-and-remove-duplicates": {
      "version": "1.0.4",
      "resolved": "https://registry.npmjs.org/@writetome51/array-get-and-remove-duplicates/-/array-get-and-remove-duplicates-1.0.4.tgz",
      "integrity": "sha512-E3xfqFx5rHiKEMNS7eTLKmo8zN0EiOOhF2msng3NqiPP9W0O+I37YCMioh1e/byNrFHSFy4Bqtka+NISKLdBaA==",
      "requires": {
        "@writetome51/array-get-duplicates": "~1.1.0",
        "@writetome51/array-remove-all-of-first-of": "~1.0.4",
        "basic-data-handling": "~1.0.13",
        "error-if-not-populated-array": "~1.0.0"
      }
    },
    "@writetome51/array-get-copy": {
      "version": "1.1.0",
      "resolved": "https://registry.npmjs.org/@writetome51/array-get-copy/-/array-get-copy-1.1.0.tgz",
      "integrity": "sha512-GMxn8eIQ0bu0Iq1g7yMEZetTCaNfBiLgJWs2qdzh/I9DtV+pxnvOJNMdvVIIhDPG9tAxaH+LQOS6q9wzVxV0nw=="
    },
    "@writetome51/array-get-duplicates": {
      "version": "1.1.0",
      "resolved": "https://registry.npmjs.org/@writetome51/array-get-duplicates/-/array-get-duplicates-1.1.0.tgz",
      "integrity": "sha512-a06YMbBi1g/8Bc5h3muTq9nlZCb3aWC2NgUprKuMHxV/3ZxqOC0EotBjOue5sa63z2e8pMQDzY2KcU28Gqes2A=="
    },
    "@writetome51/array-get-indexes-basic": {
      "version": "1.0.7",
      "resolved": "https://registry.npmjs.org/@writetome51/array-get-indexes-basic/-/array-get-indexes-basic-1.0.7.tgz",
      "integrity": "sha512-0YKCrewndiO/VPLrf0ARsk0Hdg1/Asb6u/YZ0xjhkV2g5XOw5dum890uGTxVVi6rc51KRdS7oDs0mMcLTn+CAQ==",
      "requires": {
        "@writetome51/arrays-match": "~1.0.3",
        "basic-data-handling": "~1.0.13",
        "error-if-not-populated-array": "~1.0.0",
        "error-if-not-primitive-or-array": "~1.0.1",
        "error-if-values-are-not-arrays": "~1.0.2"
      }
    },
    "@writetome51/array-get-indexes-intermediate": {
      "version": "1.0.5",
      "resolved": "https://registry.npmjs.org/@writetome51/array-get-indexes-intermediate/-/array-get-indexes-intermediate-1.0.5.tgz",
      "integrity": "sha512-NNFi+67H8fSqHHIv5khrxIH3wyD2EL6qVEucmsEvIsWbdv1/T7UczzrP7duO1gink9Sm2n5j8PJnw0FYjjwcXQ==",
      "requires": {
        "@writetome51/array-get-indexes-basic": "~1.0.7",
        "@writetome51/arrays-match": "~1.0.4",
        "basic-data-handling": "~1.0.13",
        "error-if-not-primitive-or-array": "~1.0.1"
      }
    },
    "@writetome51/array-get-merged-arrays": {
      "version": "1.1.0",
      "resolved": "https://registry.npmjs.org/@writetome51/array-get-merged-arrays/-/array-get-merged-arrays-1.1.0.tgz",
      "integrity": "sha512-NVYQzUxd7//R5ePAkxIgzQakmPH73zHo8uNZH7xxUI615t2HUm2a3RIvVhhZzKPHeBHlOcgPl6F5LunJpMVg+A=="
    },
    "@writetome51/array-has": {
      "version": "1.0.6",
      "resolved": "https://registry.npmjs.org/@writetome51/array-has/-/array-has-1.0.6.tgz",
      "integrity": "sha512-0Ws+Dg4IIdzENXa8vD2BCvJqgQ4aFNW6X07FbThVcyHwqzKws6C6LknECFuXIrlMBHl5wVdjEC9zKi6y4a4jCQ==",
      "requires": {
        "@writetome51/array-get-adjacent-at": "~1.0.1",
        "@writetome51/array-get-indexes-basic": "~1.0.6",
        "@writetome51/array-get-indexes-intermediate": "~1.0.4",
        "@writetome51/arrays-match": "~1.0.4",
        "basic-data-handling": "~1.0.13"
      }
    },
    "@writetome51/array-remove-all-of-first-of": {
      "version": "1.0.5",
      "resolved": "https://registry.npmjs.org/@writetome51/array-remove-all-of-first-of/-/array-remove-all-of-first-of-1.0.5.tgz",
      "integrity": "sha512-QKCoVy64kHhtC05HtU1LWDz9mp3XJRAcFZrVclJXeD+JpwC81guBM5TYzF2luwdqm9Xjl9ZkV/P9awGTsRiDgQ==",
      "requires": {
        "@writetome51/array-get-indexes-basic": "~1.0.6",
        "@writetome51/array-has": "~1.0.5",
        "@writetome51/array-remove-by-index": "~1.0.0",
        "error-if-not-populated-array": "~1.0.0"
      }
    },
    "@writetome51/array-remove-by-index": {
      "version": "1.0.1",
      "resolved": "https://registry.npmjs.org/@writetome51/array-remove-by-index/-/array-remove-by-index-1.0.1.tgz",
      "integrity": "sha512-Tbs6LdAPKNtELxfZ3ZYGo/AcV2cBKgmIbEK6TbPsRBLLtcq0Q7wgSufgFhYqwU6YNsfni/ilA0hG98F1Qmb3dA==",
      "requires": {
        "@writetome51/array-get-and-remove-by-index": "~1.0.2"
      }
    },
    "@writetome51/array-remove-duplicates": {
      "version": "1.1.1",
      "resolved": "https://registry.npmjs.org/@writetome51/array-remove-duplicates/-/array-remove-duplicates-1.1.1.tgz",
      "integrity": "sha512-8v07TnN9KOUT7JfDNp34mXoA0KHKphjLEDcEUGFVL0S8X1oraESNqzlMND/kseFW7u4iRYSWj9XrJIUu9aLgHQ==",
      "requires": {
        "@writetome51/array-get-and-remove-duplicates": "~1.0.3"
      }
    },
    "@writetome51/arrays-match": {
      "version": "1.0.4",
      "resolved": "https://registry.npmjs.org/@writetome51/arrays-match/-/arrays-match-1.0.4.tgz",
      "integrity": "sha512-lGsKy0igy34c0gggD8KgusyavX+KhQwbEiJvT6VjZ0Wj7eWELFOqzc4qnH5uB0zCn7PdOwAjXQu9XWUabA9Jcg==",
      "requires": {
        "basic-data-handling": "~1.0.13",
        "error-if-values-are-not-arrays": "~1.0.2"
      }
    },
    "@writetome51/get-in-ascending-order": {
      "version": "1.0.4",
      "resolved": "https://registry.npmjs.org/@writetome51/get-in-ascending-order/-/get-in-ascending-order-1.0.4.tgz",
      "integrity": "sha512-6PWfNRsr27Whu5vabyE9Q0bnCaRGGLhuz/JF0/se+ghlNTVl8pIJd4dS9vTp8iUUJQnaqkaf5Z/lsd9Jdr/Tag==",
      "requires": {
        "@writetome51/array-get-copy": "~1.1.0",
        "@writetome51/array-get-merged-arrays": "~1.1.0",
        "@writetome51/get-sum-average-product": "~1.0.3",
        "@writetome51/in-ascending-order": "~1.0.0",
        "basic-data-handling": "~1.0.13"
      }
    },
    "@writetome51/get-sum-average-product": {
      "version": "1.0.4",
      "resolved": "https://registry.npmjs.org/@writetome51/get-sum-average-product/-/get-sum-average-product-1.0.4.tgz",
      "integrity": "sha512-vuxwZ58WqsnFKFwFJ7NQr6ZlT2IVEK7dBF6x/Ej7/3XCqDgUl8+SU/RA4kN8CHgnlHJxy3LxgTmZOqTAAcAQuQ==",
      "requires": {
        "error-if-array-item-is-not-number": "~1.0.3",
        "error-if-not-populated-array": "~1.0.0"
      }
    },
    "@writetome51/in-ascending-order": {
      "version": "1.0.1",
      "resolved": "https://registry.npmjs.org/@writetome51/in-ascending-order/-/in-ascending-order-1.0.1.tgz",
      "integrity": "sha512-C4LY77QCEQpH1LuCrUUNL5cyY10Tv2Q2cIfl7+B5IQ2DypoF4mjTld0VdqNmB0EDHpG0xWHQSEbweY4K/qIzPQ==",
      "requires": {
        "error-if-array-item-is-not-number": "~1.0.3",
        "error-if-not-populated-array": "~1.0.0"
      }
    },
    "@writetome51/not": {
      "version": "1.0.3",
      "resolved": "https://registry.npmjs.org/@writetome51/not/-/not-1.0.3.tgz",
      "integrity": "sha512-MJrh50byG0cBuqhrSRMYxGGmYr5BVb7T6OmFeqL8pFuNUFh/lUIXFXScsYM0jlVYmKDhnYJg+QZTOFvvCdzuRw=="
    },
    "@writetome51/set-array": {
      "version": "1.0.1",
      "resolved": "https://registry.npmjs.org/@writetome51/set-array/-/set-array-1.0.1.tgz",
      "integrity": "sha512-XmIaQtngnwvrrx9LFC4VegLVyyCZdS6KBg5GsaRUwYxXh8Jlzda8+srROpocGQYGgmbln87rjSA0LEt6jLgcxg==",
      "requires": {
        "error-if-values-are-not-arrays": "~1.0.2"
      }
    },
    "basic-data-handling": {
      "version": "1.0.13",
      "resolved": "https://registry.npmjs.org/basic-data-handling/-/basic-data-handling-1.0.13.tgz",
      "integrity": "sha512-YRXUq0keESBb4XXzFAStPYJjviRx6CPPSzT/EfpMOLRfBrhnbBeKD2n+kfZyw2zvjreClf16xPF0tDjiLO+ogw=="
    },
    "error-if-array-item-is-not-number": {
      "version": "1.0.3",
      "resolved": "https://registry.npmjs.org/error-if-array-item-is-not-number/-/error-if-array-item-is-not-number-1.0.3.tgz",
      "integrity": "sha512-PCb1kVTA+P7cbos35gzBcAuToZaLMhVG/clZm1E0IeqosJbGYw+oj8vmPEWAwCYg/hGXQIoR1E/SPAJPwrOsKA==",
      "requires": {
        "@writetome51/not": "~1.0.3",
        "basic-data-handling": "~1.0.13"
      }
    },
    "error-if-not-populated-array": {
      "version": "1.0.1",
      "resolved": "https://registry.npmjs.org/error-if-not-populated-array/-/error-if-not-populated-array-1.0.1.tgz",
      "integrity": "sha512-XKN0WUVUNrDOsB1PuBRQJ4/tVOeFceioLm+QPOpCkQaZlD9vVYZf+pRrFIoiqzVno7bx7AI2lNIfMWf7gRarvg==",
      "requires": {
        "basic-data-handling": "~1.0.13"
      }
    },
    "error-if-not-primitive-or-array": {
      "version": "1.0.1",
      "resolved": "https://registry.npmjs.org/error-if-not-primitive-or-array/-/error-if-not-primitive-or-array-1.0.1.tgz",
      "integrity": "sha512-Ygj6CAR2z3x5VvaOrXIO0+wye4nysSW67jCDJ6LAMnyasgKleaDkF+xwg/lSk70i95RIiIa19CEVqx8CBdryOg==",
      "requires": {
        "basic-data-handling": "~1.0.13"
      }
    },
    "error-if-values-are-not-arrays": {
      "version": "1.0.2",
      "resolved": "https://registry.npmjs.org/error-if-values-are-not-arrays/-/error-if-values-are-not-arrays-1.0.2.tgz",
      "integrity": "sha512-HD4BW6LoQpF0aGVIW1UCsY8LLnB+19kGoYs2HaB8CcaBcGw0ed3XnwJTSb/sr8YqLFkhfFO5bsaFB8savUPKsw==",
      "requires": {
        "basic-data-handling": "~1.0.13"
      }
    }
  }
}
